github.com/MTRNord/cachet_go v0.0.0-20241006205042-f6a7cfbf083a h1:p59KqmFrtLOTfC/pjG/xZz64MTfvQXZsS2vCCj+/cXw=
github.com/MTRNord/cachet_go v0.0.0-20241006205042-f6a7cfbf083a/go.mod h1:/ZPTgU1MGuo0ljNQBg/lKyaCStNtuKKsUGL2Qa7wD8I=
github.com/MTRNord/cachet_go v0.0.0-20241006205608-5315f3f91883 h1:0iYD4qyhdQAJ1VSIuJSh3djAbE+7mReer9Qb6hCS+e0=
github.com/MTRNord/cachet_go v0.0.0-20241006205608-5315f3f91883/go.mod h1:/ZPTgU1MGuo0ljNQBg/lKyaCStNtuKKsUGL2Qa7wD8I=
github.com/MTRNord/cachet_go v0.0.0-20241006220744-fd9a34f22726 h1:He+2TKExSz4BZjMhKnYFwjMdgUwpExVoQkpxAKCUcMU=
github.com/MTRNord/cachet_go v0.0.0-20241006220744-fd9a34f22726/go.mod h1:/ZPTgU1MGuo0ljNQBg/lKyaCStNtuKKsUGL2Qa7wD8I=
github.com/MTRNord/cachet_go v0.0.0-20241006220857-4b4dfdb80106 h1:K3hamw51KRc24wZvcyzpNX/5IZ65QYcDNguepdFpGeI=
github.com/MTRNord/cachet_go v0.0.0-20241006220857-4b4dfdb80106/go.mod h1:/ZPTgU1MGuo0ljNQBg/lKyaCStNtuKKsUGL2Qa7wD8I=
github.com/MTRNord/cachet_go v0.0.0-20241006221122-19db994469fe h1:nK9AXe5HrbeQBYlcUPU4slfbG9P2gfG+qsaTcyNg++A=
github.com/MTRNord/cachet_go v0.0.0-20241006221122-19db994469fe/go.mod h1:/ZPTgU1MGuo0ljNQBg/lKyaCStNtuKKsUGL2Qa7wD8I=
github.com/MTRNord/cachet_go v0.0.0-20241006221602-7ba2699ecb22 h1:wTOWvpulSKZMnP+QwDETx3fKtf8zgpCjrc30PE2rDI0=
github.com/MTRNord/cachet_go v0.0.0-20241006221602-7ba2699ecb22/go.mod h1:/ZPTgU1MGuo0ljNQBg/lKyaCStNtuKKsUGL2Qa7wD8I=
github.com/PagerDuty/go-pagerduty v1.8.0 h1:MTFqTffIcAervB83U7Bx6HERzLbyaSPL/+oxH3zyluI=
github.com/PagerDuty/go-pagerduty v1.8.0/go.mod h1:nzIeAqyFSJAFkjWKvMzug0JtwDg+V+UoCWjFrfFH5mI=
github.com/andygrunwald/cachet v0.0.0-20210622170326-34d0d1408d1c h1:4IMzwKxv5CE0nmdxlfTNEq0lSxORvaLsGGVpSDaH6U4=
github.com/andygrunwald/cachet v0.0.0-20210622170326-34d0d1408d1c/go.mod h1:75LSejNsjxG/979su0CUUAJ956qsllNywDdBZwh4ByQ=
github.com/google/go-cmp v0.5.2/go.mod h1:v8dTdLbMG2kIc/vJvl+f65V22dbkXbowE6jgT/gNBxE=
github.com/google/go-cmp v0.6.0 h1:ofyhxvXcZhMsU5ulbFiLKl/XBFqE1GSq7atu8tAmTRI=
github.com/google/go-cmp v0.6.0/go.mod h1:17dUlkBOakJ0+DkrSSNjCkIjxS6bF9zb3elmeNGIjoY=
github.com/google/go-querystring v1.1.0 h1:AnCroh3fv4ZBgVIf1Iwtovgjaw/GiKJo8M8yD/fhyJ8=
github.com/google/go-querystring v1.1.0/go.mod h1:Kcdr2DB4koayq7X8pmAG4sNG59So17icRSOU623lUBU=
github.com/gorilla/mux v1.8.1 h1:TuBL49tXwgrFYWhqrNgrUNEY92u81SPhu7sTdzQEiWY=
github.com/gorilla/mux v1.8.1/go.mod h1:AKf9I4AEqPTmMytcMc0KkNouC66V3BtZ4qD5fmWSiMQ=
github.com/maniartech/gotime v1.1.0 h1:/xsp3E0o0zPQ4pjCNOs3NGWMk/mpCQNNaGNfhTbps5E=
github.com/maniartech/gotime v1.1.0/go.mod h1:NBM2sTwhRbRF87XPpPBAugxd0H3B3GT0W85SJYvb+To=
golang.org/x/xerrors v0.0.0-20191204190536-9bdfabe68543/go.mod h1:I/5z698sn9Ka8TeJc9MKroUUfqBBauWjQqLJ2OPfmY0=
